
Microsoft Visual Studio Solution File, Format Version 12.00
# Visual Studio Version 17
VisualStudioVersion = 17.14.36518.9
MinimumVisualStudioVersion = 10.0.40219.1
Project("{FAE04EC0-301F-11D3-BF4B-00C04F79EFBC}") = "Lecture_1", "Lecture_1\Lecture_1.csproj", "{D0D46CED-8FE5-4799-917C-02764D539FA6}"
EndProject
Project("{FAE04EC0-301F-11D3-BF4B-00C04F79EFBC}") = "Classwork_1", "Classwork_1\Classwork_1.csproj", "{46229AA9-4CD1-410C-804B-87F9E5848A3D}"
EndProject
Global
	GlobalSection(SolutionConfigurationPlatforms) = preSolution
		Debug|Any CPU = Debug|Any CPU
		Release|Any CPU = Release|Any CPU
	EndGlobalSection
	GlobalSection(ProjectConfigurationPlatforms) = postSolution
		{D0D46CED-8FE5-4799-917C-02764D539FA6}.Debug|Any CPU.ActiveCfg = Debug|Any CPU
		{D0D46CED-8FE5-4799-917C-02764D539FA6}.Debug|Any CPU.Build.0 = Debug|Any CPU
		{D0D46CED-8FE5-4799-917C-02764D539FA6}.Release|Any CPU.ActiveCfg = Release|Any CPU
		{D0D46CED-8FE5-4799-917C-02764D539FA6}.Release|Any CPU.Build.0 = Release|Any CPU
		{46229AA9-4CD1-410C-804B-87F9E5848A3D}.Debug|Any CPU.ActiveCfg = Debug|Any CPU
		{46229AA9-4CD1-410C-804B-87F9E5848A3D}.Debug|Any CPU.Build.0 = Debug|Any CPU
		{46229AA9-4CD1-410C-804B-87F9E5848A3D}.Release|Any CPU.ActiveCfg = Release|Any CPU
		{46229AA9-4CD1-410C-804B-87F9E5848A3D}.Release|Any CPU.Build.0 = Release|Any CPU
	EndGlobalSection
	GlobalSection(SolutionProperties) = preSolution
		HideSolutionNode = FALSE
	EndGlobalSection
	GlobalSection(ExtensibilityGlobals) = postSolution
		SolutionGuid = {A4A082C6-2466-4A50-9568-93F808650205}
	EndGlobalSection
EndGlobal
