
Microsoft Visual Studio Solution File, Format Version 12.00
# Visual Studio Version 17
VisualStudioVersion = 17.14.36518.9
MinimumVisualStudioVersion = 10.0.40219.1
Project("{FAE04EC0-301F-11D3-BF4B-00C04F79EFBC}") = "Lecture_1", "Lecture_1\Lecture_1.csproj", "{D0D46CED-8FE5-4799-917C-02764D539FA6}"
EndProject
Project("{FAE04EC0-301F-11D3-BF4B-00C04F79EFBC}") = "Classwork_1", "Classwork_1\Classwork_1.csproj", "{46229AA9-4CD1-410C-804B-87F9E5848A3D}"
EndProject
Project("{FAE04EC0-301F-11D3-BF4B-00C04F79EFBC}") = "Lecture_3_Client", "Lecture_3_Client\Lecture_3_Client.csproj", "{4BB72587-B9F7-41DF-8FF8-56883049B73D}"
	ProjectSection(ProjectDependencies) = postProject
		{46229AA9-4CD1-410C-804B-87F9E5848A3D} = {46229AA9-4CD1-410C-804B-87F9E5848A3D}
	EndProjectSection
EndProject
Project("{FAE04EC0-301F-11D3-BF4B-00C04F79EFBC}") = "Lecture_3_Service", "Lecture_3_Service\Lecture_3_Service.csproj", "{F498587F-E471-4ACB-B6B0-6EFBE2CA9868}"
EndProject
Project("{FAE04EC0-301F-11D3-BF4B-00C04F79EFBC}") = "Lecture_3_Host", "Lecture_3_Host\Lecture_3_Host.csproj", "{25FF3D17-D05A-40AA-AC1F-A12108C4A077}"
EndProject
Project("{FAE04EC0-301F-11D3-BF4B-00C04F79EFBC}") = "Lecture4_Service", "Lecture4_Service\Lecture4_Service.csproj", "{089D324E-3188-4928-A4A2-B88C623102A3}"
EndProject
Project("{FAE04EC0-301F-11D3-BF4B-00C04F79EFBC}") = "Lecture4_Host", "Lecture4_Host\Lecture4_Host.csproj", "{32228B79-2AC6-4A23-B501-2C2302156556}"
EndProject
Project("{2150E333-8FDC-42A3-9474-1A3956D46DE8}") = "Classwork_2", "Classwork_2", "{02EA681E-C7D8-13C7-8484-4AC65E1B71E8}"
EndProject
Project("{FAE04EC0-301F-11D3-BF4B-00C04F79EFBC}") = "Classwork_2Service", "Classwork_2Service\Classwork_2Service.csproj", "{C777F7B6-ACB1-421F-983D-9DF713550D96}"
EndProject
Project("{FAE04EC0-301F-11D3-BF4B-00C04F79EFBC}") = "Classword_2Forms", "Classword_2Forms\Classword_2Forms.csproj", "{17DB094C-792B-4F05-8F29-DE3EB0EC8DDA}"
	ProjectSection(ProjectDependencies) = postProject
		{C777F7B6-ACB1-421F-983D-9DF713550D96} = {C777F7B6-ACB1-421F-983D-9DF713550D96}
	EndProjectSection
EndProject
Project("{2150E333-8FDC-42A3-9474-1A3956D46DE8}") = "Presentation", "Presentation", "{E42DC9E0-9723-4864-A8F3-8CD7FE68EE1A}"
EndProject
Project("{FAE04EC0-301F-11D3-BF4B-00C04F79EFBC}") = "TransactionDemo", "TransactionDemo\TransactionDemo.csproj", "{87312B48-70B4-4D27-873F-FB66370AA894}"
	ProjectSection(ProjectDependencies) = postProject
		{1D7EB33C-6EE3-4AAA-A4DC-D1D69C50B536} = {1D7EB33C-6EE3-4AAA-A4DC-D1D69C50B536}
	EndProjectSection
EndProject
Project("{FAE04EC0-301F-11D3-BF4B-00C04F79EFBC}") = "BankService", "BankService\BankService.csproj", "{1D7EB33C-6EE3-4AAA-A4DC-D1D69C50B536}"
EndProject
Project("{2150E333-8FDC-42A3-9474-1A3956D46DE8}") = "Midterm", "Midterm", "{F23306FF-AD53-4DFD-A5C1-567579D6746F}"
EndProject
Project("{FAE04EC0-301F-11D3-BF4B-00C04F79EFBC}") = "LibraryManagement.Data", "LibraryManagement.Data\LibraryManagement.Data.csproj", "{7C28C51A-5F12-4EE8-8EC5-2F23AD3F6EE8}"
EndProject
Project("{FAE04EC0-301F-11D3-BF4B-00C04F79EFBC}") = "LibraryManagement.Service", "LibraryManagement.Service\LibraryManagement.Service.csproj", "{9CD4D74F-4646-4963-8B16-3B7B88CF88E8}"
EndProject
Project("{FAE04EC0-301F-11D3-BF4B-00C04F79EFBC}") = "LibraryManagement.Client", "LibraryManagement.Client\LibraryManagement.Client.csproj", "{D1DE1ACB-0C7B-43E4-93FA-CF9882AA0B25}"
EndProject
Project("{FAE04EC0-301F-11D3-BF4B-00C04F79EFBC}") = "Lecture_5", "Lecture_5\Lecture_5.csproj", "{0C71115B-C9FA-4294-AE57-26343D2B4F31}"
EndProject
Project("{FAE04EC0-301F-11D3-BF4B-00C04F79EFBC}") = "Classwork_3", "Classwork_3\Classwork_3.csproj", "{430D9C85-20CE-40CC-9DCE-4909B66CB490}"
EndProject
Project("{FAE04EC0-301F-11D3-BF4B-00C04F79EFBC}") = "Lecture_6", "Lecture_6\Lecture_6.csproj", "{3193FF64-3860-4449-95D4-CA05E72E480C}"
EndProject
Project("{FAE04EC0-301F-11D3-BF4B-00C04F79EFBC}") = "Lecture_7Domain", "Lecture_7Domain\Lecture_7Domain.csproj", "{0C187532-D539-4FA6-B29A-F29A1B01D04B}"
EndProject
Project("{FAE04EC0-301F-11D3-BF4B-00C04F79EFBC}") = "Lecture_7Application", "Lecture_7Application\Lecture_7Application.csproj", "{4FD80636-6CC2-4BA7-8D4B-D77339B9A5F1}"
EndProject
Project("{FAE04EC0-301F-11D3-BF4B-00C04F79EFBC}") = "Lecture_7Infrastructure", "Lecture_7Infrastructure\Lecture_7Infrastructure.csproj", "{15943C15-29DA-4455-ABFB-46CFC4DA4531}"
EndProject
Project("{FAE04EC0-301F-11D3-BF4B-00C04F79EFBC}") = "Lecture_7API", "Lecture_7API\Lecture_7API.csproj", "{89763073-7F51-4388-9879-A7E5864C6D87}"
EndProject
Project("{2150E333-8FDC-42A3-9474-1A3956D46DE8}") = "Lecture7_HW3", "Lecture7_HW3", "{6A0C074F-F48A-463A-A00D-915ED7BCF83B}"
EndProject
Global
	GlobalSection(SolutionConfigurationPlatforms) = preSolution
		Debug|Any CPU = Debug|Any CPU
		Release|Any CPU = Release|Any CPU
	EndGlobalSection
	GlobalSection(ProjectConfigurationPlatforms) = postSolution
		{D0D46CED-8FE5-4799-917C-02764D539FA6}.Debug|Any CPU.ActiveCfg = Debug|Any CPU
		{D0D46CED-8FE5-4799-917C-02764D539FA6}.Debug|Any CPU.Build.0 = Debug|Any CPU
		{D0D46CED-8FE5-4799-917C-02764D539FA6}.Release|Any CPU.ActiveCfg = Release|Any CPU
		{D0D46CED-8FE5-4799-917C-02764D539FA6}.Release|Any CPU.Build.0 = Release|Any CPU
		{46229AA9-4CD1-410C-804B-87F9E5848A3D}.Debug|Any CPU.ActiveCfg = Debug|Any CPU
		{46229AA9-4CD1-410C-804B-87F9E5848A3D}.Debug|Any CPU.Build.0 = Debug|Any CPU
		{46229AA9-4CD1-410C-804B-87F9E5848A3D}.Release|Any CPU.ActiveCfg = Release|Any CPU
		{46229AA9-4CD1-410C-804B-87F9E5848A3D}.Release|Any CPU.Build.0 = Release|Any CPU
		{4BB72587-B9F7-41DF-8FF8-56883049B73D}.Debug|Any CPU.ActiveCfg = Debug|Any CPU
		{4BB72587-B9F7-41DF-8FF8-56883049B73D}.Debug|Any CPU.Build.0 = Debug|Any CPU
		{4BB72587-B9F7-41DF-8FF8-56883049B73D}.Release|Any CPU.ActiveCfg = Release|Any CPU
		{4BB72587-B9F7-41DF-8FF8-56883049B73D}.Release|Any CPU.Build.0 = Release|Any CPU
		{F498587F-E471-4ACB-B6B0-6EFBE2CA9868}.Debug|Any CPU.ActiveCfg = Debug|Any CPU
		{F498587F-E471-4ACB-B6B0-6EFBE2CA9868}.Debug|Any CPU.Build.0 = Debug|Any CPU
		{F498587F-E471-4ACB-B6B0-6EFBE2CA9868}.Release|Any CPU.ActiveCfg = Release|Any CPU
		{F498587F-E471-4ACB-B6B0-6EFBE2CA9868}.Release|Any CPU.Build.0 = Release|Any CPU
		{25FF3D17-D05A-40AA-AC1F-A12108C4A077}.Debug|Any CPU.ActiveCfg = Debug|Any CPU
		{25FF3D17-D05A-40AA-AC1F-A12108C4A077}.Debug|Any CPU.Build.0 = Debug|Any CPU
		{25FF3D17-D05A-40AA-AC1F-A12108C4A077}.Release|Any CPU.ActiveCfg = Release|Any CPU
		{25FF3D17-D05A-40AA-AC1F-A12108C4A077}.Release|Any CPU.Build.0 = Release|Any CPU
		{089D324E-3188-4928-A4A2-B88C623102A3}.Debug|Any CPU.ActiveCfg = Debug|Any CPU
		{089D324E-3188-4928-A4A2-B88C623102A3}.Debug|Any CPU.Build.0 = Debug|Any CPU
		{089D324E-3188-4928-A4A2-B88C623102A3}.Release|Any CPU.ActiveCfg = Release|Any CPU
		{089D324E-3188-4928-A4A2-B88C623102A3}.Release|Any CPU.Build.0 = Release|Any CPU
		{32228B79-2AC6-4A23-B501-2C2302156556}.Debug|Any CPU.ActiveCfg = Debug|Any CPU
		{32228B79-2AC6-4A23-B501-2C2302156556}.Debug|Any CPU.Build.0 = Debug|Any CPU
		{32228B79-2AC6-4A23-B501-2C2302156556}.Release|Any CPU.ActiveCfg = Release|Any CPU
		{32228B79-2AC6-4A23-B501-2C2302156556}.Release|Any CPU.Build.0 = Release|Any CPU
		{C777F7B6-ACB1-421F-983D-9DF713550D96}.Debug|Any CPU.ActiveCfg = Debug|Any CPU
		{C777F7B6-ACB1-421F-983D-9DF713550D96}.Debug|Any CPU.Build.0 = Debug|Any CPU
		{C777F7B6-ACB1-421F-983D-9DF713550D96}.Release|Any CPU.ActiveCfg = Release|Any CPU
		{C777F7B6-ACB1-421F-983D-9DF713550D96}.Release|Any CPU.Build.0 = Release|Any CPU
		{17DB094C-792B-4F05-8F29-DE3EB0EC8DDA}.Debug|Any CPU.ActiveCfg = Debug|Any CPU
		{17DB094C-792B-4F05-8F29-DE3EB0EC8DDA}.Debug|Any CPU.Build.0 = Debug|Any CPU
		{17DB094C-792B-4F05-8F29-DE3EB0EC8DDA}.Release|Any CPU.ActiveCfg = Release|Any CPU
		{17DB094C-792B-4F05-8F29-DE3EB0EC8DDA}.Release|Any CPU.Build.0 = Release|Any CPU
		{87312B48-70B4-4D27-873F-FB66370AA894}.Debug|Any CPU.ActiveCfg = Debug|Any CPU
		{87312B48-70B4-4D27-873F-FB66370AA894}.Debug|Any CPU.Build.0 = Debug|Any CPU
		{87312B48-70B4-4D27-873F-FB66370AA894}.Release|Any CPU.ActiveCfg = Release|Any CPU
		{87312B48-70B4-4D27-873F-FB66370AA894}.Release|Any CPU.Build.0 = Release|Any CPU
		{1D7EB33C-6EE3-4AAA-A4DC-D1D69C50B536}.Debug|Any CPU.ActiveCfg = Debug|Any CPU
		{1D7EB33C-6EE3-4AAA-A4DC-D1D69C50B536}.Debug|Any CPU.Build.0 = Debug|Any CPU
		{1D7EB33C-6EE3-4AAA-A4DC-D1D69C50B536}.Release|Any CPU.ActiveCfg = Release|Any CPU
		{1D7EB33C-6EE3-4AAA-A4DC-D1D69C50B536}.Release|Any CPU.Build.0 = Release|Any CPU
		{7C28C51A-5F12-4EE8-8EC5-2F23AD3F6EE8}.Debug|Any CPU.ActiveCfg = Debug|Any CPU
		{7C28C51A-5F12-4EE8-8EC5-2F23AD3F6EE8}.Debug|Any CPU.Build.0 = Debug|Any CPU
		{7C28C51A-5F12-4EE8-8EC5-2F23AD3F6EE8}.Release|Any CPU.ActiveCfg = Release|Any CPU
		{7C28C51A-5F12-4EE8-8EC5-2F23AD3F6EE8}.Release|Any CPU.Build.0 = Release|Any CPU
		{9CD4D74F-4646-4963-8B16-3B7B88CF88E8}.Debug|Any CPU.ActiveCfg = Debug|Any CPU
		{9CD4D74F-4646-4963-8B16-3B7B88CF88E8}.Debug|Any CPU.Build.0 = Debug|Any CPU
		{9CD4D74F-4646-4963-8B16-3B7B88CF88E8}.Release|Any CPU.ActiveCfg = Release|Any CPU
		{9CD4D74F-4646-4963-8B16-3B7B88CF88E8}.Release|Any CPU.Build.0 = Release|Any CPU
		{D1DE1ACB-0C7B-43E4-93FA-CF9882AA0B25}.Debug|Any CPU.ActiveCfg = Debug|Any CPU
		{D1DE1ACB-0C7B-43E4-93FA-CF9882AA0B25}.Debug|Any CPU.Build.0 = Debug|Any CPU
		{D1DE1ACB-0C7B-43E4-93FA-CF9882AA0B25}.Release|Any CPU.ActiveCfg = Release|Any CPU
		{D1DE1ACB-0C7B-43E4-93FA-CF9882AA0B25}.Release|Any CPU.Build.0 = Release|Any CPU
		{0C71115B-C9FA-4294-AE57-26343D2B4F31}.Debug|Any CPU.ActiveCfg = Debug|Any CPU
		{0C71115B-C9FA-4294-AE57-26343D2B4F31}.Debug|Any CPU.Build.0 = Debug|Any CPU
		{0C71115B-C9FA-4294-AE57-26343D2B4F31}.Release|Any CPU.ActiveCfg = Release|Any CPU
		{0C71115B-C9FA-4294-AE57-26343D2B4F31}.Release|Any CPU.Build.0 = Release|Any CPU
		{430D9C85-20CE-40CC-9DCE-4909B66CB490}.Debug|Any CPU.ActiveCfg = Debug|Any CPU
		{430D9C85-20CE-40CC-9DCE-4909B66CB490}.Debug|Any CPU.Build.0 = Debug|Any CPU
		{430D9C85-20CE-40CC-9DCE-4909B66CB490}.Release|Any CPU.ActiveCfg = Release|Any CPU
		{430D9C85-20CE-40CC-9DCE-4909B66CB490}.Release|Any CPU.Build.0 = Release|Any CPU
		{3193FF64-3860-4449-95D4-CA05E72E480C}.Debug|Any CPU.ActiveCfg = Debug|Any CPU
		{3193FF64-3860-4449-95D4-CA05E72E480C}.Debug|Any CPU.Build.0 = Debug|Any CPU
		{3193FF64-3860-4449-95D4-CA05E72E480C}.Release|Any CPU.ActiveCfg = Release|Any CPU
		{3193FF64-3860-4449-95D4-CA05E72E480C}.Release|Any CPU.Build.0 = Release|Any CPU
		{0C187532-D539-4FA6-B29A-F29A1B01D04B}.Debug|Any CPU.ActiveCfg = Debug|Any CPU
		{0C187532-D539-4FA6-B29A-F29A1B01D04B}.Debug|Any CPU.Build.0 = Debug|Any CPU
		{0C187532-D539-4FA6-B29A-F29A1B01D04B}.Release|Any CPU.ActiveCfg = Release|Any CPU
		{0C187532-D539-4FA6-B29A-F29A1B01D04B}.Release|Any CPU.Build.0 = Release|Any CPU
		{4FD80636-6CC2-4BA7-8D4B-D77339B9A5F1}.Debug|Any CPU.ActiveCfg = Debug|Any CPU
		{4FD80636-6CC2-4BA7-8D4B-D77339B9A5F1}.Debug|Any CPU.Build.0 = Debug|Any CPU
		{4FD80636-6CC2-4BA7-8D4B-D77339B9A5F1}.Release|Any CPU.ActiveCfg = Release|Any CPU
		{4FD80636-6CC2-4BA7-8D4B-D77339B9A5F1}.Release|Any CPU.Build.0 = Release|Any CPU
		{15943C15-29DA-4455-ABFB-46CFC4DA4531}.Debug|Any CPU.ActiveCfg = Debug|Any CPU
		{15943C15-29DA-4455-ABFB-46CFC4DA4531}.Debug|Any CPU.Build.0 = Debug|Any CPU
		{15943C15-29DA-4455-ABFB-46CFC4DA4531}.Release|Any CPU.ActiveCfg = Release|Any CPU
		{15943C15-29DA-4455-ABFB-46CFC4DA4531}.Release|Any CPU.Build.0 = Release|Any CPU
		{89763073-7F51-4388-9879-A7E5864C6D87}.Debug|Any CPU.ActiveCfg = Debug|Any CPU
		{89763073-7F51-4388-9879-A7E5864C6D87}.Debug|Any CPU.Build.0 = Debug|Any CPU
		{89763073-7F51-4388-9879-A7E5864C6D87}.Release|Any CPU.ActiveCfg = Release|Any CPU
		{89763073-7F51-4388-9879-A7E5864C6D87}.Release|Any CPU.Build.0 = Release|Any CPU
	EndGlobalSection
	GlobalSection(SolutionProperties) = preSolution
		HideSolutionNode = FALSE
	EndGlobalSection
	GlobalSection(NestedProjects) = preSolution
		{C777F7B6-ACB1-421F-983D-9DF713550D96} = {02EA681E-C7D8-13C7-8484-4AC65E1B71E8}
		{17DB094C-792B-4F05-8F29-DE3EB0EC8DDA} = {02EA681E-C7D8-13C7-8484-4AC65E1B71E8}
		{87312B48-70B4-4D27-873F-FB66370AA894} = {E42DC9E0-9723-4864-A8F3-8CD7FE68EE1A}
		{1D7EB33C-6EE3-4AAA-A4DC-D1D69C50B536} = {E42DC9E0-9723-4864-A8F3-8CD7FE68EE1A}
		{7C28C51A-5F12-4EE8-8EC5-2F23AD3F6EE8} = {F23306FF-AD53-4DFD-A5C1-567579D6746F}
		{9CD4D74F-4646-4963-8B16-3B7B88CF88E8} = {F23306FF-AD53-4DFD-A5C1-567579D6746F}
		{D1DE1ACB-0C7B-43E4-93FA-CF9882AA0B25} = {F23306FF-AD53-4DFD-A5C1-567579D6746F}
		{0C187532-D539-4FA6-B29A-F29A1B01D04B} = {6A0C074F-F48A-463A-A00D-915ED7BCF83B}
		{4FD80636-6CC2-4BA7-8D4B-D77339B9A5F1} = {6A0C074F-F48A-463A-A00D-915ED7BCF83B}
		{15943C15-29DA-4455-ABFB-46CFC4DA4531} = {6A0C074F-F48A-463A-A00D-915ED7BCF83B}
		{89763073-7F51-4388-9879-A7E5864C6D87} = {6A0C074F-F48A-463A-A00D-915ED7BCF83B}
	EndGlobalSection
	GlobalSection(ExtensibilityGlobals) = postSolution
		SolutionGuid = {A4A082C6-2466-4A50-9568-93F808650205}
	EndGlobalSection
EndGlobal
